
Microsoft Visual Studio Solution File, Format Version 12.00
# Visual Studio Version 17
VisualStudioVersion = 17.13.35825.156 d17.13
MinimumVisualStudioVersion = 10.0.40219.1
Project("{FAE04EC0-301F-11D3-BF4B-00C04F79EFBC}") = "EmployeeManagement", "EmployeeManagement\EmployeeManagement.csproj", "{F7922677-79C8-48EB-9C61-0C6F0EA4BF73}"
EndProject
Global
	GlobalSection(SolutionConfigurationPlatforms) = preSolution
		Debug|Any CPU = Debug|Any CPU
		Release|Any CPU = Release|Any CPU
	EndGlobalSection
	GlobalSection(ProjectConfigurationPlatforms) = postSolution
		{F7922677-79C8-48EB-9C61-0C6F0EA4BF73}.Debug|Any CPU.ActiveCfg = Debug|Any CPU
		{F7922677-79C8-48EB-9C61-0C6F0EA4BF73}.Debug|Any CPU.Build.0 = Debug|Any CPU
		{F7922677-79C8-48EB-9C61-0C6F0EA4BF73}.Release|Any CPU.ActiveCfg = Release|Any CPU
		{F7922677-79C8-48EB-9C61-0C6F0EA4BF73}.Release|Any CPU.Build.0 = Release|Any CPU
	EndGlobalSection
	GlobalSection(SolutionProperties) = preSolution
		HideSolutionNode = FALSE
	EndGlobalSection
	GlobalSection(ExtensibilityGlobals) = postSolution
		SolutionGuid = {17D9D908-49F8-4FF7-9CB2-E88AD155D8A6}
	EndGlobalSection
EndGlobal
